
Microsoft Visual Studio Solution File, Format Version 12.00
# Visual Studio Version 17
VisualStudioVersion = 17.1.32421.90
MinimumVisualStudioVersion = 10.0.40219.1
Project("{FAE04EC0-301F-11D3-BF4B-00C04F79EFBC}") = "Puzzle", "Puzzle\Puzzle.csproj", "{702FD3B4-2854-4057-B298-AEDBC2A23ECE}"
EndProject
Global
	GlobalSection(SolutionConfigurationPlatforms) = preSolution
		Debug|Any CPU = Debug|Any CPU
		Release|Any CPU = Release|Any CPU
	EndGlobalSection
	GlobalSection(ProjectConfigurationPlatforms) = postSolution
		{702FD3B4-2854-4057-B298-AEDBC2A23ECE}.Debug|Any CPU.ActiveCfg = Debug|Any CPU
		{702FD3B4-2854-4057-B298-AEDBC2A23ECE}.Debug|Any CPU.Build.0 = Debug|Any CPU
		{702FD3B4-2854-4057-B298-AEDBC2A23ECE}.Release|Any CPU.ActiveCfg = Release|Any CPU
		{702FD3B4-2854-4057-B298-AEDBC2A23ECE}.Release|Any CPU.Build.0 = Release|Any CPU
	EndGlobalSection
	GlobalSection(SolutionProperties) = preSolution
		HideSolutionNode = FALSE
	EndGlobalSection
	GlobalSection(ExtensibilityGlobals) = postSolution
		SolutionGuid = {7C2DB66F-A041-413B-BECB-14DCA34ADC15}
	EndGlobalSection
EndGlobal
